
Microsoft Visual Studio Solution File, Format Version 11.00
# Visual Studio 2010
Project("{E097FAD1-6243-4DAD-9C02-E9B9EFC3FFC1}") = "Assembly-CSharp", "Assembly-CSharp.csproj", "{1D45277B-A47E-F56E-AB7D-9CA29A1739D3}"
EndProject
Project("{E097FAD1-6243-4DAD-9C02-E9B9EFC3FFC1}") = "Assembly-CSharp-Editor", "Assembly-CSharp-Editor.csproj", "{2A67BF4C-15BC-CED7-0969-7CD6EFF48303}"
EndProject
Project("{E097FAD1-6243-4DAD-9C02-E9B9EFC3FFC1}") = "Assembly-CSharp-Editor-firstpass", "Assembly-CSharp-Editor-firstpass.csproj", "{08DF0042-37B0-F375-E759-5E779F27CCAF}"
EndProject
Global
	GlobalSection(SolutionConfigurationPlatforms) = preSolution
		Debug|Any CPU = Debug|Any CPU
		Release|Any CPU = Release|Any CPU
	EndGlobalSection
	GlobalSection(ProjectConfigurationPlatforms) = postSolution
		{1D45277B-A47E-F56E-AB7D-9CA29A1739D3}.Debug|Any CPU.ActiveCfg = Debug|Any CPU
		{1D45277B-A47E-F56E-AB7D-9CA29A1739D3}.Debug|Any CPU.Build.0 = Debug|Any CPU
		{1D45277B-A47E-F56E-AB7D-9CA29A1739D3}.Release|Any CPU.ActiveCfg = Release|Any CPU
		{1D45277B-A47E-F56E-AB7D-9CA29A1739D3}.Release|Any CPU.Build.0 = Release|Any CPU
		{2A67BF4C-15BC-CED7-0969-7CD6EFF48303}.Debug|Any CPU.ActiveCfg = Debug|Any CPU
		{2A67BF4C-15BC-CED7-0969-7CD6EFF48303}.Debug|Any CPU.Build.0 = Debug|Any CPU
		{2A67BF4C-15BC-CED7-0969-7CD6EFF48303}.Release|Any CPU.ActiveCfg = Release|Any CPU
		{2A67BF4C-15BC-CED7-0969-7CD6EFF48303}.Release|Any CPU.Build.0 = Release|Any CPU
		{08DF0042-37B0-F375-E759-5E779F27CCAF}.Debug|Any CPU.ActiveCfg = Debug|Any CPU
		{08DF0042-37B0-F375-E759-5E779F27CCAF}.Debug|Any CPU.Build.0 = Debug|Any CPU
		{08DF0042-37B0-F375-E759-5E779F27CCAF}.Release|Any CPU.ActiveCfg = Release|Any CPU
		{08DF0042-37B0-F375-E759-5E779F27CCAF}.Release|Any CPU.Build.0 = Release|Any CPU
	EndGlobalSection
	GlobalSection(SolutionProperties) = preSolution
		HideSolutionNode = FALSE
	EndGlobalSection
	GlobalSection(MonoDevelopProperties) = preSolution
		StartupItem = Assembly-CSharp.csproj
	EndGlobalSection
EndGlobal
