
Microsoft Visual Studio Solution File, Format Version 11.00
# Visual Studio 2010
Project("{FAE04EC0-301F-11D3-BF4B-00C04F79EFBC}") = "Project1-windows", "Assembly-CSharp.csproj", "{515C2F51-D759-6332-4575-55CC8FB4A449}"
EndProject
Project("{FAE04EC0-301F-11D3-BF4B-00C04F79EFBC}") = "Project1-windows", "Assembly-CSharp-Editor.csproj", "{827323DD-3B93-6849-98E2-7E411E244020}"
EndProject
Global
	GlobalSection(SolutionConfigurationPlatforms) = preSolution
		Debug|Any CPU = Debug|Any CPU
		Release|Any CPU = Release|Any CPU
	EndGlobalSection
	GlobalSection(ProjectConfigurationPlatforms) = postSolution
		{515C2F51-D759-6332-4575-55CC8FB4A449}.Debug|Any CPU.ActiveCfg = Debug|Any CPU
		{515C2F51-D759-6332-4575-55CC8FB4A449}.Debug|Any CPU.Build.0 = Debug|Any CPU
		{515C2F51-D759-6332-4575-55CC8FB4A449}.Release|Any CPU.ActiveCfg = Release|Any CPU
		{515C2F51-D759-6332-4575-55CC8FB4A449}.Release|Any CPU.Build.0 = Release|Any CPU
		{827323DD-3B93-6849-98E2-7E411E244020}.Debug|Any CPU.ActiveCfg = Debug|Any CPU
		{827323DD-3B93-6849-98E2-7E411E244020}.Debug|Any CPU.Build.0 = Debug|Any CPU
		{827323DD-3B93-6849-98E2-7E411E244020}.Release|Any CPU.ActiveCfg = Release|Any CPU
		{827323DD-3B93-6849-98E2-7E411E244020}.Release|Any CPU.Build.0 = Release|Any CPU
	EndGlobalSection
	GlobalSection(SolutionProperties) = preSolution
		HideSolutionNode = FALSE
	EndGlobalSection
	GlobalSection(MonoDevelopProperties) = preSolution
		StartupItem = Assembly-CSharp.csproj
	EndGlobalSection
EndGlobal
